
Microsoft Visual Studio Solution File, Format Version 12.00
# Visual Studio Version 16
VisualStudioVersion = 16.0.32602.291
MinimumVisualStudioVersion = 10.0.40219.1
Project("{FAE04EC0-301F-11D3-BF4B-00C04F79EFBC}") = "Buoi78", "Buoi78\Buoi78.csproj", "{613B7443-A3D7-4FC7-BD5D-961B7D9ED2EF}"
EndProject
Global
	GlobalSection(SolutionConfigurationPlatforms) = preSolution
		Debug|Any CPU = Debug|Any CPU
		Release|Any CPU = Release|Any CPU
	EndGlobalSection
	GlobalSection(ProjectConfigurationPlatforms) = postSolution
		{613B7443-A3D7-4FC7-BD5D-961B7D9ED2EF}.Debug|Any CPU.ActiveCfg = Debug|Any CPU
		{613B7443-A3D7-4FC7-BD5D-961B7D9ED2EF}.Debug|Any CPU.Build.0 = Debug|Any CPU
		{613B7443-A3D7-4FC7-BD5D-961B7D9ED2EF}.Release|Any CPU.ActiveCfg = Release|Any CPU
		{613B7443-A3D7-4FC7-BD5D-961B7D9ED2EF}.Release|Any CPU.Build.0 = Release|Any CPU
	EndGlobalSection
	GlobalSection(SolutionProperties) = preSolution
		HideSolutionNode = FALSE
	EndGlobalSection
	GlobalSection(ExtensibilityGlobals) = postSolution
		SolutionGuid = {515885D6-C09B-474A-AECB-2B4FFC5CB535}
	EndGlobalSection
EndGlobal
